
Microsoft Visual Studio Solution File, Format Version 12.00
# Visual Studio Version 17
VisualStudioVersion = 17.5.33516.290
MinimumVisualStudioVersion = 10.0.40219.1
Project("{FAE04EC0-301F-11D3-BF4B-00C04F79EFBC}") = "forced_disconnection", "forced_disconnection\forced_disconnection.csproj", "{2FC4AF72-60F8-4463-89B4-CB420D5E0D63}"
EndProject
Global
	GlobalSection(SolutionConfigurationPlatforms) = preSolution
		Debug|Any CPU = Debug|Any CPU
		Release|Any CPU = Release|Any CPU
	EndGlobalSection
	GlobalSection(ProjectConfigurationPlatforms) = postSolution
		{2FC4AF72-60F8-4463-89B4-CB420D5E0D63}.Debug|Any CPU.ActiveCfg = Debug|Any CPU
		{2FC4AF72-60F8-4463-89B4-CB420D5E0D63}.Debug|Any CPU.Build.0 = Debug|Any CPU
		{2FC4AF72-60F8-4463-89B4-CB420D5E0D63}.Release|Any CPU.ActiveCfg = Release|Any CPU
		{2FC4AF72-60F8-4463-89B4-CB420D5E0D63}.Release|Any CPU.Build.0 = Release|Any CPU
	EndGlobalSection
	GlobalSection(SolutionProperties) = preSolution
		HideSolutionNode = FALSE
	EndGlobalSection
	GlobalSection(ExtensibilityGlobals) = postSolution
		SolutionGuid = {450798F7-2E60-4840-80C0-8CB77498C6CE}
	EndGlobalSection
EndGlobal
